// !$*UTF8*$!
{
	archiveVersion = 1;
	classes = {
	};
	objectVersion = 51;
	objects = {

/* Begin PBXBuildFile section */
		0B20ED2224347EC300922E60 /* AppDelegate.swift in Sources */ = {isa = PBXBuildFile; fileRef = 0B20ED2124347EC300922E60 /* AppDelegate.swift */; };
		0B20ED2424347EC300922E60 /* SceneDelegate.swift in Sources */ = {isa = PBXBuildFile; fileRef = 0B20ED2324347EC300922E60 /* SceneDelegate.swift */; };
		0B20ED2624347EC300922E60 /* ViewController.swift in Sources */ = {isa = PBXBuildFile; fileRef = 0B20ED2524347EC300922E60 /* ViewController.swift */; };
		0B20ED2924347EC300922E60 /* Main.storyboard in Resources */ = {isa = PBXBuildFile; fileRef = 0B20ED2724347EC300922E60 /* Main.storyboard */; };
		0B20ED2B24347EC600922E60 /* Assets.xcassets in Resources */ = {isa = PBXBuildFile; fileRef = 0B20ED2A24347EC600922E60 /* Assets.xcassets */; };
		0B20ED2E24347EC600922E60 /* LaunchScreen.storyboard in Resources */ = {isa = PBXBuildFile; fileRef = 0B20ED2C24347EC600922E60 /* LaunchScreen.storyboard */; };
		0B20ED36243485F700922E60 /* CreateUserViewController.swift in Sources */ = {isa = PBXBuildFile; fileRef = 0B20ED35243485F700922E60 /* CreateUserViewController.swift */; };
		0B20ED3824348A8E00922E60 /* MainViewController.swift in Sources */ = {isa = PBXBuildFile; fileRef = 0B20ED3724348A8E00922E60 /* MainViewController.swift */; };
		0B3CC380243C39C400372555 /* userInformaitionViewController.swift in Sources */ = {isa = PBXBuildFile; fileRef = 0B3CC37F243C39C400372555 /* userInformaitionViewController.swift */; };
		0B4DE73F2436BB69002AE08D /* Content.swift in Sources */ = {isa = PBXBuildFile; fileRef = 0B4DE73E2436BB69002AE08D /* Content.swift */; };
		0B4DE7412436BE72002AE08D /* ContentCollectionViewCell.swift in Sources */ = {isa = PBXBuildFile; fileRef = 0B4DE7402436BE72002AE08D /* ContentCollectionViewCell.swift */; };
		0B4DE7452436BF68002AE08D /* ContentCollectionViewController.swift in Sources */ = {isa = PBXBuildFile; fileRef = 0B4DE7442436BF68002AE08D /* ContentCollectionViewController.swift */; };
		0B6C7A922434959F00FC2E45 /* GoogleService-Info.plist in Resources */ = {isa = PBXBuildFile; fileRef = 0B6C7A912434959F00FC2E45 /* GoogleService-Info.plist */; };
		0B6C7A962434B14E00FC2E45 /* PwResetViewController.swift in Sources */ = {isa = PBXBuildFile; fileRef = 0B6C7A952434B14E00FC2E45 /* PwResetViewController.swift */; };
		0BAAA02C2438378E0074327C /* ContentCollectionHeaderView.swift in Sources */ = {isa = PBXBuildFile; fileRef = 0BAAA02B2438378E0074327C /* ContentCollectionHeaderView.swift */; };
		0BAAA0322438588C0074327C /* ContentViewModel.swift in Sources */ = {isa = PBXBuildFile; fileRef = 0BAAA0312438588C0074327C /* ContentViewModel.swift */; };
		0BAAA034243861D60074327C /* DetailViewController.swift in Sources */ = {isa = PBXBuildFile; fileRef = 0BAAA033243861D60074327C /* DetailViewController.swift */; };
		600F2BC8647D0ABF37B357EE /* Pods_With_Pet.framework in Frameworks */ = {isa = PBXBuildFile; fileRef = 28942F42A8931536793814C5 /* Pods_With_Pet.framework */; };
/* End PBXBuildFile section */

/* Begin PBXFileReference section */
		0B20ED1E24347EC300922E60 /* With Pet.app */ = {isa = PBXFileReference; explicitFileType = wrapper.application; includeInIndex = 0; path = "With Pet.app"; sourceTree = BUILT_PRODUCTS_DIR; };
		0B20ED2124347EC300922E60 /* AppDelegate.swift */ = {isa = PBXFileReference; lastKnownFileType = sourcecode.swift; path = AppDelegate.swift; sourceTree = "<group>"; };
		0B20ED2324347EC300922E60 /* SceneDelegate.swift */ = {isa = PBXFileReference; lastKnownFileType = sourcecode.swift; path = SceneDelegate.swift; sourceTree = "<group>"; };
		0B20ED2524347EC300922E60 /* ViewController.swift */ = {isa = PBXFileReference; lastKnownFileType = sourcecode.swift; path = ViewController.swift; sourceTree = "<group>"; };
		0B20ED2824347EC300922E60 /* Base */ = {isa = PBXFileReference; lastKnownFileType = file.storyboard; name = Base; path = Base.lproj/Main.storyboard; sourceTree = "<group>"; };
		0B20ED2A24347EC600922E60 /* Assets.xcassets */ = {isa = PBXFileReference; lastKnownFileType = folder.assetcatalog; path = Assets.xcassets; sourceTree = "<group>"; };
		0B20ED2D24347EC600922E60 /* Base */ = {isa = PBXFileReference; lastKnownFileType = file.storyboard; name = Base; path = Base.lproj/LaunchScreen.storyboard; sourceTree = "<group>"; };
		0B20ED2F24347EC600922E60 /* Info.plist */ = {isa = PBXFileReference; lastKnownFileType = text.plist.xml; path = Info.plist; sourceTree = "<group>"; };
		0B20ED35243485F700922E60 /* CreateUserViewController.swift */ = {isa = PBXFileReference; lastKnownFileType = sourcecode.swift; path = CreateUserViewController.swift; sourceTree = "<group>"; };
		0B20ED3724348A8E00922E60 /* MainViewController.swift */ = {isa = PBXFileReference; lastKnownFileType = sourcecode.swift; path = MainViewController.swift; sourceTree = "<group>"; };
		0B3CC37F243C39C400372555 /* userInformaitionViewController.swift */ = {isa = PBXFileReference; lastKnownFileType = sourcecode.swift; path = userInformaitionViewController.swift; sourceTree = "<group>"; };
		0B4DE73E2436BB69002AE08D /* Content.swift */ = {isa = PBXFileReference; lastKnownFileType = sourcecode.swift; path = Content.swift; sourceTree = "<group>"; };
		0B4DE7402436BE72002AE08D /* ContentCollectionViewCell.swift */ = {isa = PBXFileReference; lastKnownFileType = sourcecode.swift; path = ContentCollectionViewCell.swift; sourceTree = "<group>"; };
		0B4DE7442436BF68002AE08D /* ContentCollectionViewController.swift */ = {isa = PBXFileReference; lastKnownFileType = sourcecode.swift; path = ContentCollectionViewController.swift; sourceTree = "<group>"; };
		0B6C7A912434959F00FC2E45 /* GoogleService-Info.plist */ = {isa = PBXFileReference; fileEncoding = 4; lastKnownFileType = text.plist.xml; name = "GoogleService-Info.plist"; path = "../../../../Downloads/GoogleService-Info.plist"; sourceTree = "<group>"; };
		0B6C7A952434B14E00FC2E45 /* PwResetViewController.swift */ = {isa = PBXFileReference; lastKnownFileType = sourcecode.swift; path = PwResetViewController.swift; sourceTree = "<group>"; };
		0BAAA02B2438378E0074327C /* ContentCollectionHeaderView.swift */ = {isa = PBXFileReference; lastKnownFileType = sourcecode.swift; path = ContentCollectionHeaderView.swift; sourceTree = "<group>"; };
		0BAAA0312438588C0074327C /* ContentViewModel.swift */ = {isa = PBXFileReference; lastKnownFileType = sourcecode.swift; path = ContentViewModel.swift; sourceTree = "<group>"; };
		0BAAA033243861D60074327C /* DetailViewController.swift */ = {isa = PBXFileReference; lastKnownFileType = sourcecode.swift; path = DetailViewController.swift; sourceTree = "<group>"; };
		239600CD82755A8F192A505F /* Pods-With Pet.debug.xcconfig */ = {isa = PBXFileReference; includeInIndex = 1; lastKnownFileType = text.xcconfig; name = "Pods-With Pet.debug.xcconfig"; path = "Target Support Files/Pods-With Pet/Pods-With Pet.debug.xcconfig"; sourceTree = "<group>"; };
		28942F42A8931536793814C5 /* Pods_With_Pet.framework */ = {isa = PBXFileReference; explicitFileType = wrapper.framework; includeInIndex = 0; path = Pods_With_Pet.framework; sourceTree = BUILT_PRODUCTS_DIR; };
		4FF9612A16DF2B2DF1D29447 /* Pods-With Pet.release.xcconfig */ = {isa = PBXFileReference; includeInIndex = 1; lastKnownFileType = text.xcconfig; name = "Pods-With Pet.release.xcconfig"; path = "Target Support Files/Pods-With Pet/Pods-With Pet.release.xcconfig"; sourceTree = "<group>"; };
/* End PBXFileReference section */

/* Begin PBXFrameworksBuildPhase section */
		0B20ED1B24347EC300922E60 /* Frameworks */ = {
			isa = PBXFrameworksBuildPhase;
			buildActionMask = 2147483647;
			files = (
				600F2BC8647D0ABF37B357EE /* Pods_With_Pet.framework in Frameworks */,
			);
			runOnlyForDeploymentPostprocessing = 0;
		};
/* End PBXFrameworksBuildPhase section */

/* Begin PBXGroup section */
		0B20ED1524347EC300922E60 = {
			isa = PBXGroup;
			children = (
				0B20ED2024347EC300922E60 /* With Pet */,
				0B20ED1F24347EC300922E60 /* Products */,
				B68DC66CC280A284D3ADCA89 /* Pods */,
				2F000F0F7029856F7A0BEEEC /* Frameworks */,
			);
			sourceTree = "<group>";
		};
		0B20ED1F24347EC300922E60 /* Products */ = {
			isa = PBXGroup;
			children = (
				0B20ED1E24347EC300922E60 /* With Pet.app */,
			);
			name = Products;
			sourceTree = "<group>";
		};
		0B20ED2024347EC300922E60 /* With Pet */ = {
			isa = PBXGroup;
			children = (
				0B20ED2724347EC300922E60 /* Main.storyboard */,
				0BAAA02D243841050074327C /* Content */,
				0BAAA02E243841280074327C /* Login */,
				0B20ED3724348A8E00922E60 /* MainViewController.swift */,
				0B20ED2A24347EC600922E60 /* Assets.xcassets */,
				0B20ED2C24347EC600922E60 /* LaunchScreen.storyboard */,
				0B6C7A912434959F00FC2E45 /* GoogleService-Info.plist */,
				0B20ED2F24347EC600922E60 /* Info.plist */,
				0B3CC37F243C39C400372555 /* userInformaitionViewController.swift */,
				0B20ED2324347EC300922E60 /* SceneDelegate.swift */,
				0B20ED2124347EC300922E60 /* AppDelegate.swift */,
			);
			path = "With Pet";
			sourceTree = "<group>";
		};
		0BAAA02D243841050074327C /* Content */ = {
			isa = PBXGroup;
			children = (
				0B4DE73E2436BB69002AE08D /* Content.swift */,
				0BAAA0312438588C0074327C /* ContentViewModel.swift */,
				0BAAA02B2438378E0074327C /* ContentCollectionHeaderView.swift */,
				0B4DE7402436BE72002AE08D /* ContentCollectionViewCell.swift */,
				0B4DE7442436BF68002AE08D /* ContentCollectionViewController.swift */,
				0BAAA033243861D60074327C /* DetailViewController.swift */,
			);
			path = Content;
			sourceTree = "<group>";
		};
		0BAAA02E243841280074327C /* Login */ = {
			isa = PBXGroup;
			children = (
				0B20ED2524347EC300922E60 /* ViewController.swift */,
				0B6C7A952434B14E00FC2E45 /* PwResetViewController.swift */,
				0B20ED35243485F700922E60 /* CreateUserViewController.swift */,
			);
			path = Login;
			sourceTree = "<group>";
		};
		2F000F0F7029856F7A0BEEEC /* Frameworks */ = {
			isa = PBXGroup;
			children = (
				28942F42A8931536793814C5 /* Pods_With_Pet.framework */,
			);
			name = Frameworks;
			sourceTree = "<group>";
		};
		B68DC66CC280A284D3ADCA89 /* Pods */ = {
			isa = PBXGroup;
			children = (
				239600CD82755A8F192A505F /* Pods-With Pet.debug.xcconfig */,
				4FF9612A16DF2B2DF1D29447 /* Pods-With Pet.release.xcconfig */,
			);
			path = Pods;
			sourceTree = "<group>";
		};
/* End PBXGroup section */

/* Begin PBXNativeTarget section */
		0B20ED1D24347EC300922E60 /* With Pet */ = {
			isa = PBXNativeTarget;
			buildConfigurationList = 0B20ED3224347EC600922E60 /* Build configuration list for PBXNativeTarget "With Pet" */;
			buildPhases = (
				488A4DF91BA165D221A597DE /* [CP] Check Pods Manifest.lock */,
				0B20ED1A24347EC300922E60 /* Sources */,
				0B20ED1B24347EC300922E60 /* Frameworks */,
				0B20ED1C24347EC300922E60 /* Resources */,
				486D6722697E043F7DC01243 /* [CP] Embed Pods Frameworks */,
			);
			buildRules = (
			);
			dependencies = (
			);
			name = "With Pet";
			productName = "With Pet";
			productReference = 0B20ED1E24347EC300922E60 /* With Pet.app */;
			productType = "com.apple.product-type.application";
		};
/* End PBXNativeTarget section */

/* Begin PBXProject section */
		0B20ED1624347EC300922E60 /* Project object */ = {
			isa = PBXProject;
			attributes = {
				LastSwiftUpdateCheck = 1130;
				LastUpgradeCheck = 1130;
				ORGANIZATIONNAME = com.sg;
				TargetAttributes = {
					0B20ED1D24347EC300922E60 = {
						CreatedOnToolsVersion = 11.3.1;
					};
				};
			};
			buildConfigurationList = 0B20ED1924347EC300922E60 /* Build configuration list for PBXProject "With Pet" */;
			compatibilityVersion = "Xcode 9.3";
			developmentRegion = en;
			hasScannedForEncodings = 0;
			knownRegions = (
				en,
				Base,
			);
			mainGroup = 0B20ED1524347EC300922E60;
			productRefGroup = 0B20ED1F24347EC300922E60 /* Products */;
			projectDirPath = "";
			projectRoot = "";
			targets = (
				0B20ED1D24347EC300922E60 /* With Pet */,
			);
		};
/* End PBXProject section */

/* Begin PBXResourcesBuildPhase section */
		0B20ED1C24347EC300922E60 /* Resources */ = {
			isa = PBXResourcesBuildPhase;
			buildActionMask = 2147483647;
			files = (
				0B20ED2E24347EC600922E60 /* LaunchScreen.storyboard in Resources */,
				0B6C7A922434959F00FC2E45 /* GoogleService-Info.plist in Resources */,
				0B20ED2B24347EC600922E60 /* Assets.xcassets in Resources */,
				0B20ED2924347EC300922E60 /* Main.storyboard in Resources */,
			);
			runOnlyForDeploymentPostprocessing = 0;
		};
/* End PBXResourcesBuildPhase section */

/* Begin PBXShellScriptBuildPhase section */
		486D6722697E043F7DC01243 /* [CP] Embed Pods Frameworks */ = {
			isa = PBXShellScriptBuildPhase;
			buildActionMask = 2147483647;
			files = (
			);
			inputFileListPaths = (
				"${PODS_ROOT}/Target Support Files/Pods-With Pet/Pods-With Pet-frameworks-${CONFIGURATION}-input-files.xcfilelist",
			);
			name = "[CP] Embed Pods Frameworks";
			outputFileListPaths = (
				"${PODS_ROOT}/Target Support Files/Pods-With Pet/Pods-With Pet-frameworks-${CONFIGURATION}-output-files.xcfilelist",
			);
			runOnlyForDeploymentPostprocessing = 0;
			shellPath = /bin/sh;
			shellScript = "\"${PODS_ROOT}/Target Support Files/Pods-With Pet/Pods-With Pet-frameworks.sh\"\n";
			showEnvVarsInLog = 0;
		};
		488A4DF91BA165D221A597DE /* [CP] Check Pods Manifest.lock */ = {
			isa = PBXShellScriptBuildPhase;
			buildActionMask = 2147483647;
			files = (
			);
			inputFileListPaths = (
			);
			inputPaths = (
				"${PODS_PODFILE_DIR_PATH}/Podfile.lock",
				"${PODS_ROOT}/Manifest.lock",
			);
			name = "[CP] Check Pods Manifest.lock";
			outputFileListPaths = (
			);
			outputPaths = (
				"$(DERIVED_FILE_DIR)/Pods-With Pet-checkManifestLockResult.txt",
			);
			runOnlyForDeploymentPostprocessing = 0;
			shellPath = /bin/sh;
			shellScript = "diff \"${PODS_PODFILE_DIR_PATH}/Podfile.lock\" \"${PODS_ROOT}/Manifest.lock\" > /dev/null\nif [ $? != 0 ] ; then\n    # print error to STDERR\n    echo \"error: The sandbox is not in sync with the Podfile.lock. Run 'pod install' or update your CocoaPods installation.\" >&2\n    exit 1\nfi\n# This output is used by Xcode 'outputs' to avoid re-running this script phase.\necho \"SUCCESS\" > \"${SCRIPT_OUTPUT_FILE_0}\"\n";
			showEnvVarsInLog = 0;
		};
/* End PBXShellScriptBuildPhase section */

/* Begin PBXSourcesBuildPhase section */
		0B20ED1A24347EC300922E60 /* Sources */ = {
			isa = PBXSourcesBuildPhase;
			buildActionMask = 2147483647;
			files = (
				0B20ED2624347EC300922E60 /* ViewController.swift in Sources */,
				0B20ED2224347EC300922E60 /* AppDelegate.swift in Sources */,
				0B20ED2424347EC300922E60 /* SceneDelegate.swift in Sources */,
				0B3CC380243C39C400372555 /* userInformaitionViewController.swift in Sources */,
				0BAAA034243861D60074327C /* DetailViewController.swift in Sources */,
				0B4DE73F2436BB69002AE08D /* Content.swift in Sources */,
				0B4DE7412436BE72002AE08D /* ContentCollectionViewCell.swift in Sources */,
				0B20ED36243485F700922E60 /* CreateUserViewController.swift in Sources */,
				0B20ED3824348A8E00922E60 /* MainViewController.swift in Sources */,
				0BAAA0322438588C0074327C /* ContentViewModel.swift in Sources */,
				0B4DE7452436BF68002AE08D /* ContentCollectionViewController.swift in Sources */,
				0B6C7A962434B14E00FC2E45 /* PwResetViewController.swift in Sources */,
				0BAAA02C2438378E0074327C /* ContentCollectionHeaderView.swift in Sources */,
			);
			runOnlyForDeploymentPostprocessing = 0;
		};
/* End PBXSourcesBuildPhase section */

/* Begin PBXVariantGroup section */
		0B20ED2724347EC300922E60 /* Main.storyboard */ = {
			isa = PBXVariantGroup;
			children = (
				0B20ED2824347EC300922E60 /* Base */,
			);
			name = Main.storyboard;
			sourceTree = "<group>";
		};
		0B20ED2C24347EC600922E60 /* LaunchScreen.storyboard */ = {
			isa = PBXVariantGroup;
			children = (
				0B20ED2D24347EC600922E60 /* Base */,
			);
			name = LaunchScreen.storyboard;
			sourceTree = "<group>";
		};
/* End PBXVariantGroup section */

/* Begin XCBuildConfiguration section */
		0B20ED3024347EC600922E60 /* Debug */ = {
			isa = XCBuildConfiguration;
			buildSettings = {
				ALWAYS_SEARCH_USER_PATHS = NO;
				CLANG_ANALYZER_NONNULL = YES;
				CLANG_ANALYZER_NUMBER_OBJECT_CONVERSION = YES_AGGRESSIVE;
				CLANG_CXX_LANGUAGE_STANDARD = "gnu++14";
				CLANG_CXX_LIBRARY = "libc++";
				CLANG_ENABLE_MODULES = YES;
				CLANG_ENABLE_OBJC_ARC = YES;
				CLANG_ENABLE_OBJC_WEAK = YES;
				CLANG_WARN_BLOCK_CAPTURE_AUTORELEASING = YES;
				CLANG_WARN_BOOL_CONVERSION = YES;
				CLANG_WARN_COMMA = YES;
				CLANG_WARN_CONSTANT_CONVERSION = YES;
				CLANG_WARN_DEPRECATED_OBJC_IMPLEMENTATIONS = YES;
				CLANG_WARN_DIRECT_OBJC_ISA_USAGE = YES_ERROR;
				CLANG_WARN_DOCUMENTATION_COMMENTS = YES;
				CLANG_WARN_EMPTY_BODY = YES;
				CLANG_WARN_ENUM_CONVERSION = YES;
				CLANG_WARN_INFINITE_RECURSION = YES;
				CLANG_WARN_INT_CONVERSION = YES;
				CLANG_WARN_NON_LITERAL_NULL_CONVERSION = YES;
				CLANG_WARN_OBJC_IMPLICIT_RETAIN_SELF = YES;
				CLANG_WARN_OBJC_LITERAL_CONVERSION = YES;
				CLANG_WARN_OBJC_ROOT_CLASS = YES_ERROR;
				CLANG_WARN_RANGE_LOOP_ANALYSIS = YES;
				CLANG_WARN_STRICT_PROTOTYPES = YES;
				CLANG_WARN_SUSPICIOUS_MOVE = YES;
				CLANG_WARN_UNGUARDED_AVAILABILITY = YES_AGGRESSIVE;
				CLANG_WARN_UNREACHABLE_CODE = YES;
				CLANG_WARN__DUPLICATE_METHOD_MATCH = YES;
				COPY_PHASE_STRIP = NO;
				DEBUG_INFORMATION_FORMAT = dwarf;
				ENABLE_STRICT_OBJC_MSGSEND = YES;
				ENABLE_TESTABILITY = YES;
				GCC_C_LANGUAGE_STANDARD = gnu11;
				GCC_DYNAMIC_NO_PIC = NO;
				GCC_NO_COMMON_BLOCKS = YES;
				GCC_OPTIMIZATION_LEVEL = 0;
				GCC_PREPROCESSOR_DEFINITIONS = (
					"DEBUG=1",
					"$(inherited)",
				);
				GCC_WARN_64_TO_32_BIT_CONVERSION = YES;
				GCC_WARN_ABOUT_RETURN_TYPE = YES_ERROR;
				GCC_WARN_UNDECLARED_SELECTOR = YES;
				GCC_WARN_UNINITIALIZED_AUTOS = YES_AGGRESSIVE;
				GCC_WARN_UNUSED_FUNCTION = YES;
				GCC_WARN_UNUSED_VARIABLE = YES;
				IPHONEOS_DEPLOYMENT_TARGET = 13.3;
				MTL_ENABLE_DEBUG_INFO = INCLUDE_SOURCE;
				MTL_FAST_MATH = YES;
				ONLY_ACTIVE_ARCH = YES;
				SDKROOT = iphoneos;
				SWIFT_ACTIVE_COMPILATION_CONDITIONS = DEBUG;
				SWIFT_OPTIMIZATION_LEVEL = "-Onone";
			};
			name = Debug;
		};
		0B20ED3124347EC600922E60 /* Release */ = {
			isa = XCBuildConfiguration;
			buildSettings = {
				ALWAYS_SEARCH_USER_PATHS = NO;
				CLANG_ANALYZER_NONNULL = YES;
				CLANG_ANALYZER_NUMBER_OBJECT_CONVERSION = YES_AGGRESSIVE;
				CLANG_CXX_LANGUAGE_STANDARD = "gnu++14";
				CLANG_CXX_LIBRARY = "libc++";
				CLANG_ENABLE_MODULES = YES;
				CLANG_ENABLE_OBJC_ARC = YES;
				CLANG_ENABLE_OBJC_WEAK = YES;
				CLANG_WARN_BLOCK_CAPTURE_AUTORELEASING = YES;
				CLANG_WARN_BOOL_CONVERSION = YES;
				CLANG_WARN_COMMA = YES;
				CLANG_WARN_CONSTANT_CONVERSION = YES;
				CLANG_WARN_DEPRECATED_OBJC_IMPLEMENTATIONS = YES;
				CLANG_WARN_DIRECT_OBJC_ISA_USAGE = YES_ERROR;
				CLANG_WARN_DOCUMENTATION_COMMENTS = YES;
				CLANG_WARN_EMPTY_BODY = YES;
				CLANG_WARN_ENUM_CONVERSION = YES;
				CLANG_WARN_INFINITE_RECURSION = YES;
				CLANG_WARN_INT_CONVERSION = YES;
				CLANG_WARN_NON_LITERAL_NULL_CONVERSION = YES;
				CLANG_WARN_OBJC_IMPLICIT_RETAIN_SELF = YES;
				CLANG_WARN_OBJC_LITERAL_CONVERSION = YES;
				CLANG_WARN_OBJC_ROOT_CLASS = YES_ERROR;
				CLANG_WARN_RANGE_LOOP_ANALYSIS = YES;
				CLANG_WARN_STRICT_PROTOTYPES = YES;
				CLANG_WARN_SUSPICIOUS_MOVE = YES;
				CLANG_WARN_UNGUARDED_AVAILABILITY = YES_AGGRESSIVE;
				CLANG_WARN_UNREACHABLE_CODE = YES;
				CLANG_WARN__DUPLICATE_METHOD_MATCH = YES;
				COPY_PHASE_STRIP = NO;
				DEBUG_INFORMATION_FORMAT = "dwarf-with-dsym";
				ENABLE_NS_ASSERTIONS = NO;
				ENABLE_STRICT_OBJC_MSGSEND = YES;
				GCC_C_LANGUAGE_STANDARD = gnu11;
				GCC_NO_COMMON_BLOCKS = YES;
				GCC_WARN_64_TO_32_BIT_CONVERSION = YES;
				GCC_WARN_ABOUT_RETURN_TYPE = YES_ERROR;
				GCC_WARN_UNDECLARED_SELECTOR = YES;
				GCC_WARN_UNINITIALIZED_AUTOS = YES_AGGRESSIVE;
				GCC_WARN_UNUSED_FUNCTION = YES;
				GCC_WARN_UNUSED_VARIABLE = YES;
				IPHONEOS_DEPLOYMENT_TARGET = 13.3;
				MTL_ENABLE_DEBUG_INFO = NO;
				MTL_FAST_MATH = YES;
				SDKROOT = iphoneos;
				SWIFT_COMPILATION_MODE = wholemodule;
				SWIFT_OPTIMIZATION_LEVEL = "-O";
				VALIDATE_PRODUCT = YES;
			};
			name = Release;
		};
		0B20ED3324347EC600922E60 /* Debug */ = {
			isa = XCBuildConfiguration;
			baseConfigurationReference = 239600CD82755A8F192A505F /* Pods-With Pet.debug.xcconfig */;
			buildSettings = {
				ASSETCATALOG_COMPILER_APPICON_NAME = AppIcon;
				CODE_SIGN_STYLE = Automatic;
				DEVELOPMENT_TEAM = L2HU44QQL5;
				INFOPLIST_FILE = "With Pet/Info.plist";
				LD_RUNPATH_SEARCH_PATHS = (
					"$(inherited)",
					"@executable_path/Frameworks",
				);
				PRODUCT_BUNDLE_IDENTIFIER = "com.sg.With-Pet";
				PRODUCT_NAME = "$(TARGET_NAME)";
				SWIFT_VERSION = 5.0;
				TARGETED_DEVICE_FAMILY = "1,2";
			};
			name = Debug;
		};
		0B20ED3424347EC600922E60 /* Release */ = {
			isa = XCBuildConfiguration;
			baseConfigurationReference = 4FF9612A16DF2B2DF1D29447 /* Pods-With Pet.release.xcconfig */;
			buildSettings = {
				ASSETCATALOG_COMPILER_APPICON_NAME = AppIcon;
				CODE_SIGN_STYLE = Automatic;
				DEVELOPMENT_TEAM = L2HU44QQL5;
				INFOPLIST_FILE = "With Pet/Info.plist";
				LD_RUNPATH_SEARCH_PATHS = (
					"$(inherited)",
					"@executable_path/Frameworks",
				);
				PRODUCT_BUNDLE_IDENTIFIER = "com.sg.With-Pet";
				PRODUCT_NAME = "$(TARGET_NAME)";
				SWIFT_VERSION = 5.0;
				TARGETED_DEVICE_FAMILY = "1,2";
			};
			name = Release;
		};
/* End XCBuildConfiguration section */

/* Begin XCConfigurationList section */
		0B20ED1924347EC300922E60 /* Build configuration list for PBXProject "With Pet" */ = {
			isa = XCConfigurationList;
			buildConfigurations = (
				0B20ED3024347EC600922E60 /* Debug */,
				0B20ED3124347EC600922E60 /* Release */,
			);
			defaultConfigurationIsVisible = 0;
			defaultConfigurationName = Release;
		};
		0B20ED3224347EC600922E60 /* Build configuration list for PBXNativeTarget "With Pet" */ = {
			isa = XCConfigurationList;
			buildConfigurations = (
				0B20ED3324347EC600922E60 /* Debug */,
				0B20ED3424347EC600922E60 /* Release */,
			);
			defaultConfigurationIsVisible = 0;
			defaultConfigurationName = Release;
		};
/* End XCConfigurationList section */
	};
	rootObject = 0B20ED1624347EC300922E60 /* Project object */;
}
